// !$*UTF8*$!
{
	archiveVersion = 1;
	classes = {
	};
	objectVersion = 46;
	objects = {

/* Begin PBXBuildFile section */
		D610FEF71C978ED90007A294 /* secondViewController.swift in Sources */ = {isa = PBXBuildFile; fileRef = D610FEF61C978ED90007A294 /* secondViewController.swift */; };
		D61722A31C94E87400FE9985 /* AppDelegate.swift in Sources */ = {isa = PBXBuildFile; fileRef = D61722A21C94E87400FE9985 /* AppDelegate.swift */; };
		D61722A51C94E87400FE9985 /* ViewController.swift in Sources */ = {isa = PBXBuildFile; fileRef = D61722A41C94E87400FE9985 /* ViewController.swift */; };
		D61722A81C94E87400FE9985 /* Main.storyboard in Resources */ = {isa = PBXBuildFile; fileRef = D61722A61C94E87400FE9985 /* Main.storyboard */; };
		D61722AA1C94E87400FE9985 /* Assets.xcassets in Resources */ = {isa = PBXBuildFile; fileRef = D61722A91C94E87400FE9985 /* Assets.xcassets */; };
		D61722AD1C94E87400FE9985 /* LaunchScreen.storyboard in Resources */ = {isa = PBXBuildFile; fileRef = D61722AB1C94E87400FE9985 /* LaunchScreen.storyboard */; };
		D61722B81C94E87400FE9985 /* Strobe_LightTests.swift in Sources */ = {isa = PBXBuildFile; fileRef = D61722B71C94E87400FE9985 /* Strobe_LightTests.swift */; };
		D61722C31C94E87400FE9985 /* Strobe_LightUITests.swift in Sources */ = {isa = PBXBuildFile; fileRef = D61722C21C94E87400FE9985 /* Strobe_LightUITests.swift */; };
		D68D80471CC6E446007C7031 /* SecondInterfaceController.swift in Sources */ = {isa = PBXBuildFile; fileRef = D68D80461CC6E446007C7031 /* SecondInterfaceController.swift */; };
		D6D33C3D1C9E590B0087B40B /* Interface.storyboard in Resources */ = {isa = PBXBuildFile; fileRef = D6D33C3B1C9E590B0087B40B /* Interface.storyboard */; };
		D6D33C3F1C9E590B0087B40B /* Assets.xcassets in Resources */ = {isa = PBXBuildFile; fileRef = D6D33C3E1C9E590B0087B40B /* Assets.xcassets */; };
		D6D33C461C9E590B0087B40B /* watchLight Extension.appex in Embed App Extensions */ = {isa = PBXBuildFile; fileRef = D6D33C451C9E590B0087B40B /* watchLight Extension.appex */; settings = {ATTRIBUTES = (RemoveHeadersOnCopy, ); }; };
		D6D33C4B1C9E590B0087B40B /* InterfaceController.swift in Sources */ = {isa = PBXBuildFile; fileRef = D6D33C4A1C9E590B0087B40B /* InterfaceController.swift */; };
		D6D33C4D1C9E590B0087B40B /* ExtensionDelegate.swift in Sources */ = {isa = PBXBuildFile; fileRef = D6D33C4C1C9E590B0087B40B /* ExtensionDelegate.swift */; };
		D6D33C4F1C9E590B0087B40B /* GlanceController.swift in Sources */ = {isa = PBXBuildFile; fileRef = D6D33C4E1C9E590B0087B40B /* GlanceController.swift */; };
		D6D33C511C9E590B0087B40B /* Assets.xcassets in Resources */ = {isa = PBXBuildFile; fileRef = D6D33C501C9E590B0087B40B /* Assets.xcassets */; };
		D6D33C551C9E590B0087B40B /* watchLight.app in Embed Watch Content */ = {isa = PBXBuildFile; fileRef = D6D33C391C9E590B0087B40B /* watchLight.app */; };
		D6DBAF2E1CC84DDD00426793 /* AboutViewController.swift in Sources */ = {isa = PBXBuildFile; fileRef = D6DBAF2D1CC84DDD00426793 /* AboutViewController.swift */; };
		D6DBAF361CC871B100426793 /* Default-568h@2x.png in Resources */ = {isa = PBXBuildFile; fileRef = D6DBAF351CC871B100426793 /* Default-568h@2x.png */; };
/* End PBXBuildFile section */

/* Begin PBXContainerItemProxy section */
		D61722B41C94E87400FE9985 /* PBXContainerItemProxy */ = {
			isa = PBXContainerItemProxy;
			containerPortal = D61722971C94E87400FE9985 /* Project object */;
			proxyType = 1;
			remoteGlobalIDString = D617229E1C94E87400FE9985;
			remoteInfo = "Strobe Light";
		};
		D61722BF1C94E87400FE9985 /* PBXContainerItemProxy */ = {
			isa = PBXContainerItemProxy;
			containerPortal = D61722971C94E87400FE9985 /* Project object */;
			proxyType = 1;
			remoteGlobalIDString = D617229E1C94E87400FE9985;
			remoteInfo = "Strobe Light";
		};
		D6D33C471C9E590B0087B40B /* PBXContainerItemProxy */ = {
			isa = PBXContainerItemProxy;
			containerPortal = D61722971C94E87400FE9985 /* Project object */;
			proxyType = 1;
			remoteGlobalIDString = D6D33C441C9E590B0087B40B;
			remoteInfo = "watchLight Extension";
		};
		D6D33C531C9E590B0087B40B /* PBXContainerItemProxy */ = {
			isa = PBXContainerItemProxy;
			containerPortal = D61722971C94E87400FE9985 /* Project object */;
			proxyType = 1;
			remoteGlobalIDString = D6D33C381C9E590B0087B40B;
			remoteInfo = watchLight;
		};
/* End PBXContainerItemProxy section */

/* Begin PBXCopyFilesBuildPhase section */
		D6D33C5B1C9E590B0087B40B /* Embed App Extensions */ = {
			isa = PBXCopyFilesBuildPhase;
			buildActionMask = 2147483647;
			dstPath = "";
			dstSubfolderSpec = 13;
			files = (
				D6D33C461C9E590B0087B40B /* watchLight Extension.appex in Embed App Extensions */,
			);
			name = "Embed App Extensions";
			runOnlyForDeploymentPostprocessing = 0;
		};
		D6D33C5D1C9E590B0087B40B /* Embed Watch Content */ = {
			isa = PBXCopyFilesBuildPhase;
			buildActionMask = 2147483647;
			dstPath = "$(CONTENTS_FOLDER_PATH)/Watch";
			dstSubfolderSpec = 16;
			files = (
				D6D33C551C9E590B0087B40B /* watchLight.app in Embed Watch Content */,
			);
			name = "Embed Watch Content";
			runOnlyForDeploymentPostprocessing = 0;
		};
/* End PBXCopyFilesBuildPhase section */

/* Begin PBXFileReference section */
		D610FEF61C978ED90007A294 /* secondViewController.swift */ = {isa = PBXFileReference; fileEncoding = 4; lastKnownFileType = sourcecode.swift; name = secondViewController.swift; path = ../secondViewController.swift; sourceTree = "<group>"; };
		D617229F1C94E87400FE9985 /* Strobe Light.app */ = {isa = PBXFileReference; explicitFileType = wrapper.application; includeInIndex = 0; path = "Strobe Light.app"; sourceTree = BUILT_PRODUCTS_DIR; };
		D61722A21C94E87400FE9985 /* AppDelegate.swift */ = {isa = PBXFileReference; lastKnownFileType = sourcecode.swift; path = AppDelegate.swift; sourceTree = "<group>"; };
		D61722A41C94E87400FE9985 /* ViewController.swift */ = {isa = PBXFileReference; lastKnownFileType = sourcecode.swift; path = ViewController.swift; sourceTree = "<group>"; };
		D61722A71C94E87400FE9985 /* Base */ = {isa = PBXFileReference; lastKnownFileType = file.storyboard; name = Base; path = Base.lproj/Main.storyboard; sourceTree = "<group>"; };
		D61722A91C94E87400FE9985 /* Assets.xcassets */ = {isa = PBXFileReference; lastKnownFileType = folder.assetcatalog; path = Assets.xcassets; sourceTree = "<group>"; };
		D61722AC1C94E87400FE9985 /* Base */ = {isa = PBXFileReference; lastKnownFileType = file.storyboard; name = Base; path = Base.lproj/LaunchScreen.storyboard; sourceTree = "<group>"; };
		D61722AE1C94E87400FE9985 /* Info.plist */ = {isa = PBXFileReference; lastKnownFileType = text.plist.xml; path = Info.plist; sourceTree = "<group>"; };
		D61722B31C94E87400FE9985 /* Strobe LightTests.xctest */ = {isa = PBXFileReference; explicitFileType = wrapper.cfbundle; includeInIndex = 0; path = "Strobe LightTests.xctest"; sourceTree = BUILT_PRODUCTS_DIR; };
		D61722B71C94E87400FE9985 /* Strobe_LightTests.swift */ = {isa = PBXFileReference; lastKnownFileType = sourcecode.swift; path = Strobe_LightTests.swift; sourceTree = "<group>"; };
		D61722B91C94E87400FE9985 /* Info.plist */ = {isa = PBXFileReference; lastKnownFileType = text.plist.xml; path = Info.plist; sourceTree = "<group>"; };
		D61722BE1C94E87400FE9985 /* Strobe LightUITests.xctest */ = {isa = PBXFileReference; explicitFileType = wrapper.cfbundle; includeInIndex = 0; path = "Strobe LightUITests.xctest"; sourceTree = BUILT_PRODUCTS_DIR; };
		D61722C21C94E87400FE9985 /* Strobe_LightUITests.swift */ = {isa = PBXFileReference; lastKnownFileType = sourcecode.swift; path = Strobe_LightUITests.swift; sourceTree = "<group>"; };
		D61722C41C94E87400FE9985 /* Info.plist */ = {isa = PBXFileReference; lastKnownFileType = text.plist.xml; path = Info.plist; sourceTree = "<group>"; };
		D68D80461CC6E446007C7031 /* SecondInterfaceController.swift */ = {isa = PBXFileReference; fileEncoding = 4; lastKnownFileType = sourcecode.swift; path = SecondInterfaceController.swift; sourceTree = "<group>"; };
		D6D33C391C9E590B0087B40B /* watchLight.app */ = {isa = PBXFileReference; explicitFileType = wrapper.application; includeInIndex = 0; path = watchLight.app; sourceTree = BUILT_PRODUCTS_DIR; };
		D6D33C3C1C9E590B0087B40B /* Base */ = {isa = PBXFileReference; lastKnownFileType = file.storyboard; name = Base; path = Base.lproj/Interface.storyboard; sourceTree = "<group>"; };
		D6D33C3E1C9E590B0087B40B /* Assets.xcassets */ = {isa = PBXFileReference; lastKnownFileType = folder.assetcatalog; path = Assets.xcassets; sourceTree = "<group>"; };
		D6D33C401C9E590B0087B40B /* Info.plist */ = {isa = PBXFileReference; lastKnownFileType = text.plist.xml; path = Info.plist; sourceTree = "<group>"; };
		D6D33C451C9E590B0087B40B /* watchLight Extension.appex */ = {isa = PBXFileReference; explicitFileType = "wrapper.app-extension"; includeInIndex = 0; path = "watchLight Extension.appex"; sourceTree = BUILT_PRODUCTS_DIR; };
		D6D33C4A1C9E590B0087B40B /* InterfaceController.swift */ = {isa = PBXFileReference; lastKnownFileType = sourcecode.swift; path = InterfaceController.swift; sourceTree = "<group>"; };
		D6D33C4C1C9E590B0087B40B /* ExtensionDelegate.swift */ = {isa = PBXFileReference; lastKnownFileType = sourcecode.swift; path = ExtensionDelegate.swift; sourceTree = "<group>"; };
		D6D33C4E1C9E590B0087B40B /* GlanceController.swift */ = {isa = PBXFileReference; lastKnownFileType = sourcecode.swift; path = GlanceController.swift; sourceTree = "<group>"; };
		D6D33C501C9E590B0087B40B /* Assets.xcassets */ = {isa = PBXFileReference; lastKnownFileType = folder.assetcatalog; path = Assets.xcassets; sourceTree = "<group>"; };
		D6D33C521C9E590B0087B40B /* Info.plist */ = {isa = PBXFileReference; lastKnownFileType = text.plist.xml; path = Info.plist; sourceTree = "<group>"; };
		D6DBAF2D1CC84DDD00426793 /* AboutViewController.swift */ = {isa = PBXFileReference; fileEncoding = 4; lastKnownFileType = sourcecode.swift; path = AboutViewController.swift; sourceTree = "<group>"; };
		D6DBAF351CC871B100426793 /* Default-568h@2x.png */ = {isa = PBXFileReference; lastKnownFileType = image.png; name = "Default-568h@2x.png"; path = "../Default-568h@2x.png"; sourceTree = "<group>"; };
/* End PBXFileReference section */

/* Begin PBXFrameworksBuildPhase section */
		D617229C1C94E87400FE9985 /* Frameworks */ = {
			isa = PBXFrameworksBuildPhase;
			buildActionMask = 2147483647;
			files = (
			);
			runOnlyForDeploymentPostprocessing = 0;
		};
		D61722B01C94E87400FE9985 /* Frameworks */ = {
			isa = PBXFrameworksBuildPhase;
			buildActionMask = 2147483647;
			files = (
			);
			runOnlyForDeploymentPostprocessing = 0;
		};
		D61722BB1C94E87400FE9985 /* Frameworks */ = {
			isa = PBXFrameworksBuildPhase;
			buildActionMask = 2147483647;
			files = (
			);
			runOnlyForDeploymentPostprocessing = 0;
		};
		D6D33C421C9E590B0087B40B /* Frameworks */ = {
			isa = PBXFrameworksBuildPhase;
			buildActionMask = 2147483647;
			files = (
			);
			runOnlyForDeploymentPostprocessing = 0;
		};
/* End PBXFrameworksBuildPhase section */

/* Begin PBXGroup section */
		D61722961C94E87400FE9985 = {
			isa = PBXGroup;
			children = (
				D61722A11C94E87400FE9985 /* Strobe Light */,
				D61722B61C94E87400FE9985 /* Strobe LightTests */,
				D61722C11C94E87400FE9985 /* Strobe LightUITests */,
				D6D33C3A1C9E590B0087B40B /* watchLight */,
				D6D33C491C9E590B0087B40B /* watchLight Extension */,
				D61722A01C94E87400FE9985 /* Products */,
			);
			sourceTree = "<group>";
		};
		D61722A01C94E87400FE9985 /* Products */ = {
			isa = PBXGroup;
			children = (
				D617229F1C94E87400FE9985 /* Strobe Light.app */,
				D61722B31C94E87400FE9985 /* Strobe LightTests.xctest */,
				D61722BE1C94E87400FE9985 /* Strobe LightUITests.xctest */,
				D6D33C391C9E590B0087B40B /* watchLight.app */,
				D6D33C451C9E590B0087B40B /* watchLight Extension.appex */,
			);
			name = Products;
			sourceTree = "<group>";
		};
		D61722A11C94E87400FE9985 /* Strobe Light */ = {
			isa = PBXGroup;
			children = (
				D61722A21C94E87400FE9985 /* AppDelegate.swift */,
				D61722A41C94E87400FE9985 /* ViewController.swift */,
				D610FEF61C978ED90007A294 /* secondViewController.swift */,
				D6DBAF2D1CC84DDD00426793 /* AboutViewController.swift */,
				D61722A61C94E87400FE9985 /* Main.storyboard */,
				D61722A91C94E87400FE9985 /* Assets.xcassets */,
				D61722AB1C94E87400FE9985 /* LaunchScreen.storyboard */,
				D6DBAF351CC871B100426793 /* Default-568h@2x.png */,
				D61722AE1C94E87400FE9985 /* Info.plist */,
			);
			path = "Strobe Light";
			sourceTree = "<group>";
		};
		D61722B61C94E87400FE9985 /* Strobe LightTests */ = {
			isa = PBXGroup;
			children = (
				D61722B71C94E87400FE9985 /* Strobe_LightTests.swift */,
				D61722B91C94E87400FE9985 /* Info.plist */,
			);
			path = "Strobe LightTests";
			sourceTree = "<group>";
		};
		D61722C11C94E87400FE9985 /* Strobe LightUITests */ = {
			isa = PBXGroup;
			children = (
				D61722C21C94E87400FE9985 /* Strobe_LightUITests.swift */,
				D61722C41C94E87400FE9985 /* Info.plist */,
			);
			path = "Strobe LightUITests";
			sourceTree = "<group>";
		};
		D6D33C3A1C9E590B0087B40B /* watchLight */ = {
			isa = PBXGroup;
			children = (
				D6D33C3E1C9E590B0087B40B /* Assets.xcassets */,
				D6D33C3B1C9E590B0087B40B /* Interface.storyboard */,
				D6D33C401C9E590B0087B40B /* Info.plist */,
			);
			path = watchLight;
			sourceTree = "<group>";
		};
		D6D33C491C9E590B0087B40B /* watchLight Extension */ = {
			isa = PBXGroup;
			children = (
				D6D33C4A1C9E590B0087B40B /* InterfaceController.swift */,
				D68D80461CC6E446007C7031 /* SecondInterfaceController.swift */,
				D6D33C4C1C9E590B0087B40B /* ExtensionDelegate.swift */,
				D6D33C4E1C9E590B0087B40B /* GlanceController.swift */,
				D6D33C501C9E590B0087B40B /* Assets.xcassets */,
				D6D33C521C9E590B0087B40B /* Info.plist */,
			);
			path = "watchLight Extension";
			sourceTree = "<group>";
		};
/* End PBXGroup section */

/* Begin PBXNativeTarget section */
		D617229E1C94E87400FE9985 /* Strobe Light */ = {
			isa = PBXNativeTarget;
			buildConfigurationList = D61722C71C94E87400FE9985 /* Build configuration list for PBXNativeTarget "Strobe Light" */;
			buildPhases = (
				D617229B1C94E87400FE9985 /* Sources */,
				D617229C1C94E87400FE9985 /* Frameworks */,
				D617229D1C94E87400FE9985 /* Resources */,
				D6D33C5D1C9E590B0087B40B /* Embed Watch Content */,
			);
			buildRules = (
			);
			dependencies = (
				D6D33C541C9E590B0087B40B /* PBXTargetDependency */,
			);
			name = "Strobe Light";
			productName = "Strobe Light";
			productReference = D617229F1C94E87400FE9985 /* Strobe Light.app */;
			productType = "com.apple.product-type.application";
		};
		D61722B21C94E87400FE9985 /* Strobe LightTests */ = {
			isa = PBXNativeTarget;
			buildConfigurationList = D61722CA1C94E87400FE9985 /* Build configuration list for PBXNativeTarget "Strobe LightTests" */;
			buildPhases = (
				D61722AF1C94E87400FE9985 /* Sources */,
				D61722B01C94E87400FE9985 /* Frameworks */,
				D61722B11C94E87400FE9985 /* Resources */,
			);
			buildRules = (
			);
			dependencies = (
				D61722B51C94E87400FE9985 /* PBXTargetDependency */,
			);
			name = "Strobe LightTests";
			productName = "Strobe LightTests";
			productReference = D61722B31C94E87400FE9985 /* Strobe LightTests.xctest */;
			productType = "com.apple.product-type.bundle.unit-test";
		};
		D61722BD1C94E87400FE9985 /* Strobe LightUITests */ = {
			isa = PBXNativeTarget;
			buildConfigurationList = D61722CD1C94E87400FE9985 /* Build configuration list for PBXNativeTarget "Strobe LightUITests" */;
			buildPhases = (
				D61722BA1C94E87400FE9985 /* Sources */,
				D61722BB1C94E87400FE9985 /* Frameworks */,
				D61722BC1C94E87400FE9985 /* Resources */,
			);
			buildRules = (
			);
			dependencies = (
				D61722C01C94E87400FE9985 /* PBXTargetDependency */,
			);
			name = "Strobe LightUITests";
			productName = "Strobe LightUITests";
			productReference = D61722BE1C94E87400FE9985 /* Strobe LightUITests.xctest */;
			productType = "com.apple.product-type.bundle.ui-testing";
		};
		D6D33C381C9E590B0087B40B /* watchLight */ = {
			isa = PBXNativeTarget;
			buildConfigurationList = D6D33C5C1C9E590B0087B40B /* Build configuration list for PBXNativeTarget "watchLight" */;
			buildPhases = (
				D6D33C371C9E590B0087B40B /* Resources */,
				D6D33C5B1C9E590B0087B40B /* Embed App Extensions */,
			);
			buildRules = (
			);
			dependencies = (
				D6D33C481C9E590B0087B40B /* PBXTargetDependency */,
			);
			name = watchLight;
			productName = watchLight;
			productReference = D6D33C391C9E590B0087B40B /* watchLight.app */;
			productType = "com.apple.product-type.application.watchapp2";
		};
		D6D33C441C9E590B0087B40B /* watchLight Extension */ = {
			isa = PBXNativeTarget;
			buildConfigurationList = D6D33C5A1C9E590B0087B40B /* Build configuration list for PBXNativeTarget "watchLight Extension" */;
			buildPhases = (
				D6D33C411C9E590B0087B40B /* Sources */,
				D6D33C421C9E590B0087B40B /* Frameworks */,
				D6D33C431C9E590B0087B40B /* Resources */,
			);
			buildRules = (
			);
			dependencies = (
			);
			name = "watchLight Extension";
			productName = "watchLight Extension";
			productReference = D6D33C451C9E590B0087B40B /* watchLight Extension.appex */;
			productType = "com.apple.product-type.watchkit2-extension";
		};
/* End PBXNativeTarget section */

/* Begin PBXProject section */
		D61722971C94E87400FE9985 /* Project object */ = {
			isa = PBXProject;
			attributes = {
				LastSwiftUpdateCheck = 0730;
				LastUpgradeCheck = 0730;
				ORGANIZATIONNAME = "Matthew Purcell";
				TargetAttributes = {
					D617229E1C94E87400FE9985 = {
						CreatedOnToolsVersion = 7.3;
						DevelopmentTeam = UNEZK3RXDZ;
					};
					D61722B21C94E87400FE9985 = {
						CreatedOnToolsVersion = 7.3;
						DevelopmentTeam = UNEZK3RXDZ;
						TestTargetID = D617229E1C94E87400FE9985;
					};
					D61722BD1C94E87400FE9985 = {
						CreatedOnToolsVersion = 7.3;
						DevelopmentTeam = UNEZK3RXDZ;
						TestTargetID = D617229E1C94E87400FE9985;
					};
					D6D33C381C9E590B0087B40B = {
						CreatedOnToolsVersion = 7.2.1;
						DevelopmentTeam = UNEZK3RXDZ;
					};
					D6D33C441C9E590B0087B40B = {
						CreatedOnToolsVersion = 7.2.1;
						DevelopmentTeam = UNEZK3RXDZ;
					};
				};
			};
			buildConfigurationList = D617229A1C94E87400FE9985 /* Build configuration list for PBXProject "Strobe Light" */;
			compatibilityVersion = "Xcode 3.2";
			developmentRegion = English;
			hasScannedForEncodings = 0;
			knownRegions = (
				en,
				Base,
			);
			mainGroup = D61722961C94E87400FE9985;
			productRefGroup = D61722A01C94E87400FE9985 /* Products */;
			projectDirPath = "";
			projectRoot = "";
			targets = (
				D617229E1C94E87400FE9985 /* Strobe Light */,
				D61722B21C94E87400FE9985 /* Strobe LightTests */,
				D61722BD1C94E87400FE9985 /* Strobe LightUITests */,
				D6D33C381C9E590B0087B40B /* watchLight */,
				D6D33C441C9E590B0087B40B /* watchLight Extension */,
			);
		};
/* End PBXProject section */

/* Begin PBXResourcesBuildPhase section */
		D617229D1C94E87400FE9985 /* Resources */ = {
			isa = PBXResourcesBuildPhase;
			buildActionMask = 2147483647;
			files = (
				D61722AD1C94E87400FE9985 /* LaunchScreen.storyboard in Resources */,
				D6DBAF361CC871B100426793 /* Default-568h@2x.png in Resources */,
				D61722AA1C94E87400FE9985 /* Assets.xcassets in Resources */,
				D61722A81C94E87400FE9985 /* Main.storyboard in Resources */,
			);
			runOnlyForDeploymentPostprocessing = 0;
		};
		D61722B11C94E87400FE9985 /* Resources */ = {
			isa = PBXResourcesBuildPhase;
			buildActionMask = 2147483647;
			files = (
			);
			runOnlyForDeploymentPostprocessing = 0;
		};
		D61722BC1C94E87400FE9985 /* Resources */ = {
			isa = PBXResourcesBuildPhase;
			buildActionMask = 2147483647;
			files = (
			);
			runOnlyForDeploymentPostprocessing = 0;
		};
		D6D33C371C9E590B0087B40B /* Resources */ = {
			isa = PBXResourcesBuildPhase;
			buildActionMask = 2147483647;
			files = (
				D6D33C3F1C9E590B0087B40B /* Assets.xcassets in Resources */,
				D6D33C3D1C9E590B0087B40B /* Interface.storyboard in Resources */,
			);
			runOnlyForDeploymentPostprocessing = 0;
		};
		D6D33C431C9E590B0087B40B /* Resources */ = {
			isa = PBXResourcesBuildPhase;
			buildActionMask = 2147483647;
			files = (
				D6D33C511C9E590B0087B40B /* Assets.xcassets in Resources */,
			);
			runOnlyForDeploymentPostprocessing = 0;
		};
/* End PBXResourcesBuildPhase section */

/* Begin PBXSourcesBuildPhase section */
		D617229B1C94E87400FE9985 /* Sources */ = {
			isa = PBXSourcesBuildPhase;
			buildActionMask = 2147483647;
			files = (
				D61722A51C94E87400FE9985 /* ViewController.swift in Sources */,
				D610FEF71C978ED90007A294 /* secondViewController.swift in Sources */,
				D6DBAF2E1CC84DDD00426793 /* AboutViewController.swift in Sources */,
				D61722A31C94E87400FE9985 /* AppDelegate.swift in Sources */,
			);
			runOnlyForDeploymentPostprocessing = 0;
		};
		D61722AF1C94E87400FE9985 /* Sources */ = {
			isa = PBXSourcesBuildPhase;
			buildActionMask = 2147483647;
			files = (
				D61722B81C94E87400FE9985 /* Strobe_LightTests.swift in Sources */,
			);
			runOnlyForDeploymentPostprocessing = 0;
		};
		D61722BA1C94E87400FE9985 /* Sources */ = {
			isa = PBXSourcesBuildPhase;
			buildActionMask = 2147483647;
			files = (
				D61722C31C94E87400FE9985 /* Strobe_LightUITests.swift in Sources */,
			);
			runOnlyForDeploymentPostprocessing = 0;
		};
		D6D33C411C9E590B0087B40B /* Sources */ = {
			isa = PBXSourcesBuildPhase;
			buildActionMask = 2147483647;
			files = (
				D6D33C4D1C9E590B0087B40B /* ExtensionDelegate.swift in Sources */,
				D6D33C4B1C9E590B0087B40B /* InterfaceController.swift in Sources */,
				D6D33C4F1C9E590B0087B40B /* GlanceController.swift in Sources */,
				D68D80471CC6E446007C7031 /* SecondInterfaceController.swift in Sources */,
			);
			runOnlyForDeploymentPostprocessing = 0;
		};
/* End PBXSourcesBuildPhase section */

/* Begin PBXTargetDependency section */
		D61722B51C94E87400FE9985 /* PBXTargetDependency */ = {
			isa = PBXTargetDependency;
			target = D617229E1C94E87400FE9985 /* Strobe Light */;
			targetProxy = D61722B41C94E87400FE9985 /* PBXContainerItemProxy */;
		};
		D61722C01C94E87400FE9985 /* PBXTargetDependency */ = {
			isa = PBXTargetDependency;
			target = D617229E1C94E87400FE9985 /* Strobe Light */;
			targetProxy = D61722BF1C94E87400FE9985 /* PBXContainerItemProxy */;
		};
		D6D33C481C9E590B0087B40B /* PBXTargetDependency */ = {
			isa = PBXTargetDependency;
			target = D6D33C441C9E590B0087B40B /* watchLight Extension */;
			targetProxy = D6D33C471C9E590B0087B40B /* PBXContainerItemProxy */;
		};
		D6D33C541C9E590B0087B40B /* PBXTargetDependency */ = {
			isa = PBXTargetDependency;
			target = D6D33C381C9E590B0087B40B /* watchLight */;
			targetProxy = D6D33C531C9E590B0087B40B /* PBXContainerItemProxy */;
		};
/* End PBXTargetDependency section */

/* Begin PBXVariantGroup section */
		D61722A61C94E87400FE9985 /* Main.storyboard */ = {
			isa = PBXVariantGroup;
			children = (
				D61722A71C94E87400FE9985 /* Base */,
			);
			name = Main.storyboard;
			sourceTree = "<group>";
		};
		D61722AB1C94E87400FE9985 /* LaunchScreen.storyboard */ = {
			isa = PBXVariantGroup;
			children = (
				D61722AC1C94E87400FE9985 /* Base */,
			);
			name = LaunchScreen.storyboard;
			sourceTree = "<group>";
		};
		D6D33C3B1C9E590B0087B40B /* Interface.storyboard */ = {
			isa = PBXVariantGroup;
			children = (
				D6D33C3C1C9E590B0087B40B /* Base */,
			);
			name = Interface.storyboard;
			sourceTree = "<group>";
		};
/* End PBXVariantGroup section */

/* Begin XCBuildConfiguration section */
		D61722C51C94E87400FE9985 /* Debug */ = {
			isa = XCBuildConfiguration;
			buildSettings = {
				ALWAYS_SEARCH_USER_PATHS = NO;
				CLANG_ANALYZER_NONNULL = YES;
				CLANG_CXX_LANGUAGE_STANDARD = "gnu++0x";
				CLANG_CXX_LIBRARY = "libc++";
				CLANG_ENABLE_MODULES = YES;
				CLANG_ENABLE_OBJC_ARC = YES;
				CLANG_WARN_BOOL_CONVERSION = YES;
				CLANG_WARN_CONSTANT_CONVERSION = YES;
				CLANG_WARN_DIRECT_OBJC_ISA_USAGE = YES_ERROR;
				CLANG_WARN_EMPTY_BODY = YES;
				CLANG_WARN_ENUM_CONVERSION = YES;
				CLANG_WARN_INT_CONVERSION = YES;
				CLANG_WARN_OBJC_ROOT_CLASS = YES_ERROR;
				CLANG_WARN_UNREACHABLE_CODE = YES;
				CLANG_WARN__DUPLICATE_METHOD_MATCH = YES;
				"CODE_SIGN_IDENTITY[sdk=iphoneos*]" = "iPhone Developer";
				COPY_PHASE_STRIP = NO;
				DEBUG_INFORMATION_FORMAT = dwarf;
				ENABLE_STRICT_OBJC_MSGSEND = YES;
				ENABLE_TESTABILITY = YES;
				GCC_C_LANGUAGE_STANDARD = gnu99;
				GCC_DYNAMIC_NO_PIC = NO;
				GCC_NO_COMMON_BLOCKS = YES;
				GCC_OPTIMIZATION_LEVEL = 0;
				GCC_PREPROCESSOR_DEFINITIONS = (
					"DEBUG=1",
					"$(inherited)",
				);
				GCC_WARN_64_TO_32_BIT_CONVERSION = YES;
				GCC_WARN_ABOUT_RETURN_TYPE = YES_ERROR;
				GCC_WARN_UNDECLARED_SELECTOR = YES;
				GCC_WARN_UNINITIALIZED_AUTOS = YES_AGGRESSIVE;
				GCC_WARN_UNUSED_FUNCTION = YES;
				GCC_WARN_UNUSED_VARIABLE = YES;
				IPHONEOS_DEPLOYMENT_TARGET = 9.3;
				MTL_ENABLE_DEBUG_INFO = YES;
				ONLY_ACTIVE_ARCH = YES;
				SDKROOT = iphoneos;
				SWIFT_OPTIMIZATION_LEVEL = "-Onone";
				TARGETED_DEVICE_FAMILY = "1,2";
			};
			name = Debug;
		};
		D61722C61C94E87400FE9985 /* Release */ = {
			isa = XCBuildConfiguration;
			buildSettings = {
				ALWAYS_SEARCH_USER_PATHS = NO;
				CLANG_ANALYZER_NONNULL = YES;
				CLANG_CXX_LANGUAGE_STANDARD = "gnu++0x";
				CLANG_CXX_LIBRARY = "libc++";
				CLANG_ENABLE_MODULES = YES;
				CLANG_ENABLE_OBJC_ARC = YES;
				CLANG_WARN_BOOL_CONVERSION = YES;
				CLANG_WARN_CONSTANT_CONVERSION = YES;
				CLANG_WARN_DIRECT_OBJC_ISA_USAGE = YES_ERROR;
				CLANG_WARN_EMPTY_BODY = YES;
				CLANG_WARN_ENUM_CONVERSION = YES;
				CLANG_WARN_INT_CONVERSION = YES;
				CLANG_WARN_OBJC_ROOT_CLASS = YES_ERROR;
				CLANG_WARN_UNREACHABLE_CODE = YES;
				CLANG_WARN__DUPLICATE_METHOD_MATCH = YES;
				"CODE_SIGN_IDENTITY[sdk=iphoneos*]" = "iPhone Developer";
				COPY_PHASE_STRIP = NO;
				DEBUG_INFORMATION_FORMAT = "dwarf-with-dsym";
				ENABLE_NS_ASSERTIONS = NO;
				ENABLE_STRICT_OBJC_MSGSEND = YES;
				GCC_C_LANGUAGE_STANDARD = gnu99;
				GCC_NO_COMMON_BLOCKS = YES;
				GCC_WARN_64_TO_32_BIT_CONVERSION = YES;
				GCC_WARN_ABOUT_RETURN_TYPE = YES_ERROR;
				GCC_WARN_UNDECLARED_SELECTOR = YES;
				GCC_WARN_UNINITIALIZED_AUTOS = YES_AGGRESSIVE;
				GCC_WARN_UNUSED_FUNCTION = YES;
				GCC_WARN_UNUSED_VARIABLE = YES;
				IPHONEOS_DEPLOYMENT_TARGET = 9.3;
				MTL_ENABLE_DEBUG_INFO = NO;
				SDKROOT = iphoneos;
				TARGETED_DEVICE_FAMILY = "1,2";
				VALIDATE_PRODUCT = YES;
			};
			name = Release;
		};
		D61722C81C94E87400FE9985 /* Debug */ = {
			isa = XCBuildConfiguration;
			buildSettings = {
				ASSETCATALOG_COMPILER_APPICON_NAME = AppIcon;
				CODE_SIGN_IDENTITY = "iPhone Developer";
				INFOPLIST_FILE = "Strobe Light/Info.plist";
				IPHONEOS_DEPLOYMENT_TARGET = 9.3;
				LD_RUNPATH_SEARCH_PATHS = "$(inherited) @executable_path/Frameworks";
				PRODUCT_BUNDLE_IDENTIFIER = "tech-with-matthew.Strobe-Light";
				PRODUCT_NAME = "$(TARGET_NAME)";
				TARGETED_DEVICE_FAMILY = "1,2";
			};
			name = Debug;
		};
		D61722C91C94E87400FE9985 /* Release */ = {
			isa = XCBuildConfiguration;
			buildSettings = {
				ASSETCATALOG_COMPILER_APPICON_NAME = AppIcon;
				CODE_SIGN_IDENTITY = "iPhone Developer";
				INFOPLIST_FILE = "Strobe Light/Info.plist";
				IPHONEOS_DEPLOYMENT_TARGET = 9.3;
				LD_RUNPATH_SEARCH_PATHS = "$(inherited) @executable_path/Frameworks";
				PRODUCT_BUNDLE_IDENTIFIER = "tech-with-matthew.Strobe-Light";
				PRODUCT_NAME = "$(TARGET_NAME)";
				TARGETED_DEVICE_FAMILY = "1,2";
			};
			name = Release;
		};
		D61722CB1C94E87400FE9985 /* Debug */ = {
			isa = XCBuildConfiguration;
			buildSettings = {
				BUNDLE_LOADER = "$(TEST_HOST)";
				INFOPLIST_FILE = "Strobe LightTests/Info.plist";
				LD_RUNPATH_SEARCH_PATHS = "$(inherited) @executable_path/Frameworks @loader_path/Frameworks";
				PRODUCT_BUNDLE_IDENTIFIER = "tech-with-matthew.Strobe-LightTests";
				PRODUCT_NAME = "$(TARGET_NAME)";
				TEST_HOST = "$(BUILT_PRODUCTS_DIR)/Strobe Light.app/Strobe Light";
			};
			name = Debug;
		};
		D61722CC1C94E87400FE9985 /* Release */ = {
			isa = XCBuildConfiguration;
			buildSettings = {
				BUNDLE_LOADER = "$(TEST_HOST)";
				INFOPLIST_FILE = "Strobe LightTests/Info.plist";
				LD_RUNPATH_SEARCH_PATHS = "$(inherited) @executable_path/Frameworks @loader_path/Frameworks";
				PRODUCT_BUNDLE_IDENTIFIER = "tech-with-matthew.Strobe-LightTests";
				PRODUCT_NAME = "$(TARGET_NAME)";
				TEST_HOST = "$(BUILT_PRODUCTS_DIR)/Strobe Light.app/Strobe Light";
			};
			name = Release;
		};
		D61722CE1C94E87400FE9985 /* Debug */ = {
			isa = XCBuildConfiguration;
			buildSettings = {
				INFOPLIST_FILE = "Strobe LightUITests/Info.plist";
				LD_RUNPATH_SEARCH_PATHS = "$(inherited) @executable_path/Frameworks @loader_path/Frameworks";
				PRODUCT_BUNDLE_IDENTIFIER = "tech-with-matthew.Strobe-LightUITests";
				PRODUCT_NAME = "$(TARGET_NAME)";
				TEST_TARGET_NAME = "Strobe Light";
			};
			name = Debug;
		};
		D61722CF1C94E87400FE9985 /* Release */ = {
			isa = XCBuildConfiguration;
			buildSettings = {
				INFOPLIST_FILE = "Strobe LightUITests/Info.plist";
				LD_RUNPATH_SEARCH_PATHS = "$(inherited) @executable_path/Frameworks @loader_path/Frameworks";
				PRODUCT_BUNDLE_IDENTIFIER = "tech-with-matthew.Strobe-LightUITests";
				PRODUCT_NAME = "$(TARGET_NAME)";
				TEST_TARGET_NAME = "Strobe Light";
			};
			name = Release;
		};
		D6D33C561C9E590B0087B40B /* Debug */ = {
			isa = XCBuildConfiguration;
			buildSettings = {
				ASSETCATALOG_COMPILER_APPICON_NAME = AppIcon;
				EMBEDDED_CONTENT_CONTAINS_SWIFT = YES;
				IBSC_MODULE = watchLight_Extension;
				INFOPLIST_FILE = watchLight/Info.plist;
				PRODUCT_BUNDLE_IDENTIFIER = "tech-with-matthew.Strobe-Light.watchkitapp";
				PRODUCT_NAME = "$(TARGET_NAME)";
				SDKROOT = watchos;
				SKIP_INSTALL = YES;
				TARGETED_DEVICE_FAMILY = 4;
				WATCHOS_DEPLOYMENT_TARGET = 2.1;
			};
			name = Debug;
		};
		D6D33C571C9E590B0087B40B /* Release */ = {
			isa = XCBuildConfiguration;
			buildSettings = {
				ASSETCATALOG_COMPILER_APPICON_NAME = AppIcon;
				EMBEDDED_CONTENT_CONTAINS_SWIFT = YES;
				IBSC_MODULE = watchLight_Extension;
				INFOPLIST_FILE = watchLight/Info.plist;
				PRODUCT_BUNDLE_IDENTIFIER = "tech-with-matthew.Strobe-Light.watchkitapp";
				PRODUCT_NAME = "$(TARGET_NAME)";
				SDKROOT = watchos;
				SKIP_INSTALL = YES;
				TARGETED_DEVICE_FAMILY = 4;
				WATCHOS_DEPLOYMENT_TARGET = 2.1;
			};
			name = Release;
		};
		D6D33C581C9E590B0087B40B /* Debug */ = {
			isa = XCBuildConfiguration;
			buildSettings = {
				INFOPLIST_FILE = "watchLight Extension/Info.plist";
				LD_RUNPATH_SEARCH_PATHS = "$(inherited) @executable_path/Frameworks @executable_path/../../Frameworks";
				PRODUCT_BUNDLE_IDENTIFIER = "tech-with-matthew.Strobe-Light.watchkitapp.watchkitextension";
				PRODUCT_NAME = "${TARGET_NAME}";
				SDKROOT = watchos;
				SKIP_INSTALL = YES;
				TARGETED_DEVICE_FAMILY = 4;
				WATCHOS_DEPLOYMENT_TARGET = 2.1;
			};
			name = Debug;
		};
		D6D33C591C9E590B0087B40B /* Release */ = {
			isa = XCBuildConfiguration;
			buildSettings = {
				INFOPLIST_FILE = "watchLight Extension/Info.plist";
				LD_RUNPATH_SEARCH_PATHS = "$(inherited) @executable_path/Frameworks @executable_path/../../Frameworks";
				PRODUCT_BUNDLE_IDENTIFIER = "tech-with-matthew.Strobe-Light.watchkitapp.watchkitextension";
				PRODUCT_NAME = "${TARGET_NAME}";
				SDKROOT = watchos;
				SKIP_INSTALL = YES;
				TARGETED_DEVICE_FAMILY = 4;
				WATCHOS_DEPLOYMENT_TARGET = 2.1;
			};
			name = Release;
		};
/* End XCBuildConfiguration section */

/* Begin XCConfigurationList section */
		D617229A1C94E87400FE9985 /* Build configuration list for PBXProject "Strobe Light" */ = {
			isa = XCConfigurationList;
			buildConfigurations = (
				D61722C51C94E87400FE9985 /* Debug */,
				D61722C61C94E87400FE9985 /* Release */,
			);
			defaultConfigurationIsVisible = 0;
			defaultConfigurationName = Release;
		};
		D61722C71C94E87400FE9985 /* Build configuration list for PBXNativeTarget "Strobe Light" */ = {
			isa = XCConfigurationList;
			buildConfigurations = (
				D61722C81C94E87400FE9985 /* Debug */,
				D61722C91C94E87400FE9985 /* Release */,
			);
			defaultConfigurationIsVisible = 0;
			defaultConfigurationName = Release;
		};
		D61722CA1C94E87400FE9985 /* Build configuration list for PBXNativeTarget "Strobe LightTests" */ = {
			isa = XCConfigurationList;
			buildConfigurations = (
				D61722CB1C94E87400FE9985 /* Debug */,
				D61722CC1C94E87400FE9985 /* Release */,
			);
			defaultConfigurationIsVisible = 0;
			defaultConfigurationName = Release;
		};
		D61722CD1C94E87400FE9985 /* Build configuration list for PBXNativeTarget "Strobe LightUITests" */ = {
			isa = XCConfigurationList;
			buildConfigurations = (
				D61722CE1C94E87400FE9985 /* Debug */,
				D61722CF1C94E87400FE9985 /* Release */,
			);
			defaultConfigurationIsVisible = 0;
			defaultConfigurationName = Release;
		};
		D6D33C5A1C9E590B0087B40B /* Build configuration list for PBXNativeTarget "watchLight Extension" */ = {
			isa = XCConfigurationList;
			buildConfigurations = (
				D6D33C581C9E590B0087B40B /* Debug */,
				D6D33C591C9E590B0087B40B /* Release */,
			);
			defaultConfigurationIsVisible = 0;
			defaultConfigurationName = Release;
		};
		D6D33C5C1C9E590B0087B40B /* Build configuration list for PBXNativeTarget "watchLight" */ = {
			isa = XCConfigurationList;
			buildConfigurations = (
				D6D33C561C9E590B0087B40B /* Debug */,
				D6D33C571C9E590B0087B40B /* Release */,
			);
			defaultConfigurationIsVisible = 0;
			defaultConfigurationName = Release;
		};
/* End XCConfigurationList section */
	};
	rootObject = D61722971C94E87400FE9985 /* Project object */;
}
